{
  "name": "test",
  "lockfileVersion": 3,
  "requires": true,
  "packages": {
    "": {
      "dependencies": {
        "exupery-core-bin": "^0.3.43",
        "exupery-core-dev": "^0.3.3"
      }
    },
    "node_modules/exupery-core-alg": {
      "version": "0.5.15",
      "resolved": "https://registry.npmjs.org/exupery-core-alg/-/exupery-core-alg-0.5.15.tgz",
      "integrity": "sha512-4k4EKtnSweIzs/zj1+olcMKObA4GzPcRz0X1zA95B4/DeglQAJnIZtOwdssJWaZweeKNUkPzOSOmmdduNF1fvg==",
      "license": "ISC",
      "dependencies": {
        "exupery-core-internals": "^0.3.17"
      }
    },
    "node_modules/exupery-core-async": {
      "version": "0.3.78",
      "resolved": "https://registry.npmjs.org/exupery-core-async/-/exupery-core-async-0.3.78.tgz",
      "integrity": "sha512-mG0sbCff3109mjBDRAHHvGbY0lSrtuD0THgRTk3qyRyRAei7fLcX37A1LObH6O5QZ+37y3RfWAda7uLt8mML7w==",
      "license": "Apache-2.0",
      "dependencies": {
        "exupery-core-internals": "^0.3.19",
        "exupery-core-types": "^0.3.61"
      }
    },
    "node_modules/exupery-core-bin": {
      "version": "0.3.43",
      "resolved": "https://registry.npmjs.org/exupery-core-bin/-/exupery-core-bin-0.3.43.tgz",
      "integrity": "sha512-I+BGKsct3sVCeg/gWUGq7nWB5d9/2yfkaPn9fqzzSXfNkZ3EPgknlBZScpaw8iXiyj5hVlX1lmfnlxB7dlG+eQ==",
      "license": "ISC",
      "dependencies": {
        "exupery-core-async": "^0.3.78",
        "exupery-core-internals": "^0.3.19",
        "exupery-resources": "^0.3.47"
      }
    },
    "node_modules/exupery-core-data": {
      "version": "0.3.3",
      "resolved": "https://registry.npmjs.org/exupery-core-data/-/exupery-core-data-0.3.3.tgz",
      "integrity": "sha512-By9Ij7Ei+TRZPm+3BjNllbK0qId6EPs6cwGejvThnI/gV7NsSSXiONsKdiNcX8LCSy8oIpHh4z8sYQxROhgMXA==",
      "license": "ISC",
      "dependencies": {
        "exupery-core-internals": "^0.3.10"
      }
    },
    "node_modules/exupery-core-dev": {
      "version": "0.3.3",
      "resolved": "https://registry.npmjs.org/exupery-core-dev/-/exupery-core-dev-0.3.3.tgz",
      "integrity": "sha512-TyWCPRrl8IFddtf0eaIJqVZb6LVfQsmrdm1zSQZ1qTbg8ZU3BNMw5c0fv2Snn7xWfyrnIVidWjEqoA47aYOCQg==",
      "license": "ISC",
      "dependencies": {
        "exupery-core-internals": "^0.3.17"
      }
    },
    "node_modules/exupery-core-internals": {
      "version": "0.3.19",
      "resolved": "https://registry.npmjs.org/exupery-core-internals/-/exupery-core-internals-0.3.19.tgz",
      "integrity": "sha512-lfbgnA1jGf1BfNdcnj8I+EJGDSElq+YjNbcH2u1ZfVWj+euXJXnOQK6xqOVchDJMnnPU5otItdJiVAfQEtgneQ==",
      "license": "ISC",
      "dependencies": {
        "exupery-core-types": "^0.3.59"
      }
    },
    "node_modules/exupery-core-types": {
      "version": "0.3.61",
      "resolved": "https://registry.npmjs.org/exupery-core-types/-/exupery-core-types-0.3.61.tgz",
      "integrity": "sha512-mzkFoIFt5JH/EJNgqWDPOnPpibUvd1aaj96HQ/AZUEIun32nRTFHi8AjBhM05xHhNKkzivLaVT5owZcmOlsGUQ==",
      "license": "Apache-2.0"
    },
    "node_modules/exupery-resources": {
      "version": "0.3.47",
      "resolved": "https://registry.npmjs.org/exupery-resources/-/exupery-resources-0.3.47.tgz",
      "integrity": "sha512-8za4FW1nTqtHeEUK4AUoX57mHRpqSnMN3bVgNmbXTPEoLOSBvzC7LJWE4Qe72Xq2a/62Ign6v77H91G+7QUYNQ==",
      "dependencies": {
        "exupery-core-alg": "^0.5.15",
        "exupery-core-async": "^0.3.78",
        "exupery-core-dev": "^0.3.3",
        "pareto-fountain-pen": "^0.3.15"
      }
    },
    "node_modules/pareto-fountain-pen": {
      "version": "0.3.15",
      "resolved": "https://registry.npmjs.org/pareto-fountain-pen/-/pareto-fountain-pen-0.3.15.tgz",
      "integrity": "sha512-AFfvO44ZpAx4qD2BrBYk6h0BA9++N5T6ssU9Vog9cs67uHwKoGv0kZ15QhZTEI1b95dIkFN6x/AFP6YsfewXtg==",
      "license": "Apache-2.0",
      "dependencies": {
        "exupery-core-alg": "^0.5.15",
        "exupery-core-data": "^0.3.3",
        "exupery-core-dev": "^0.3.3",
        "pareto-standard-operations": "^0.3.18"
      },
      "engines": {
        "node": ">=14.0.0"
      }
    },
    "node_modules/pareto-standard-operations": {
      "version": "0.3.19",
      "resolved": "https://registry.npmjs.org/pareto-standard-operations/-/pareto-standard-operations-0.3.19.tgz",
      "integrity": "sha512-uabQUs5qq1SQQD66i1JvqzvVCEjtAP0XQmlCDu2T4/0nO1bJfWvLjZMj6VyEpwQJ36+sralGq763e1zKMyaQwA==",
      "dependencies": {
        "exupery-core-alg": "^0.5.15"
      }
    }
  }
}
