{
  "name": "test",
  "lockfileVersion": 3,
  "requires": true,
  "packages": {
    "": {
      "dependencies": {
        "exupery-core-bin": "^0.3.30",
        "exupery-core-dev": "^0.3.2"
      }
    },
    "node_modules/exupery-core-alg": {
      "version": "0.5.11",
      "resolved": "https://registry.npmjs.org/exupery-core-alg/-/exupery-core-alg-0.5.11.tgz",
      "integrity": "sha512-NDCxzl2nIJkNJZzTW5LkYD5ae160+7Pu4ngue/mgermV5Olp3kDtNns2PmGkFlN1ND6FaEtm1Pt1BsU6ATHavw==",
      "license": "ISC",
      "dependencies": {
        "exupery-core-internals": "^0.3.10"
      }
    },
    "node_modules/exupery-core-async": {
      "version": "0.3.66",
      "resolved": "https://registry.npmjs.org/exupery-core-async/-/exupery-core-async-0.3.66.tgz",
      "integrity": "sha512-qOpk3c694B8f4MKLYFZ4q7bRkyZD8vT+53ssWh01OfKrS+4Y+XOQdprBpp/RuqvuDesPdBR6fPoYVvZZm0u2bw==",
      "license": "Apache-2.0",
      "dependencies": {
        "exupery-core-internals": "^0.3.13",
        "exupery-core-types": "^0.3.45"
      }
    },
    "node_modules/exupery-core-bin": {
      "version": "0.3.30",
      "resolved": "https://registry.npmjs.org/exupery-core-bin/-/exupery-core-bin-0.3.30.tgz",
      "integrity": "sha512-By0Dm5j7iqTjg3hb9RiWDvPGFFOKEtKbmWnxWho+hSyHiJG3Pvswz6+l6xnG8VeVu12wvBZdIDzYIYjCFs9JxA==",
      "license": "ISC",
      "dependencies": {
        "exupery-core-async": "^0.3.65",
        "exupery-core-internals": "^0.3.13",
        "exupery-resources": "^0.3.15"
      }
    },
    "node_modules/exupery-core-data": {
      "version": "0.3.3",
      "resolved": "https://registry.npmjs.org/exupery-core-data/-/exupery-core-data-0.3.3.tgz",
      "integrity": "sha512-By9Ij7Ei+TRZPm+3BjNllbK0qId6EPs6cwGejvThnI/gV7NsSSXiONsKdiNcX8LCSy8oIpHh4z8sYQxROhgMXA==",
      "license": "ISC",
      "dependencies": {
        "exupery-core-internals": "^0.3.10"
      }
    },
    "node_modules/exupery-core-dev": {
      "version": "0.3.2",
      "resolved": "https://registry.npmjs.org/exupery-core-dev/-/exupery-core-dev-0.3.2.tgz",
      "integrity": "sha512-VJFLF+FiCGjSQhsxr5tQmkJuaV6ppXs3H+mftV1pwkYi5JMzQJSRFWbhHqAprDhzrOIySJwyDxJUtlqSJrFQcQ==",
      "license": "ISC",
      "dependencies": {
        "exupery-core-internals": "^0.3.10"
      }
    },
    "node_modules/exupery-core-internals": {
      "version": "0.3.13",
      "resolved": "https://registry.npmjs.org/exupery-core-internals/-/exupery-core-internals-0.3.13.tgz",
      "integrity": "sha512-qMkbTwI6htZCyEb7eZtKuZsuPRenGcOGV7gybRqlkcmpFRWdwxzN6j6/10e5kpr5xsO4ztdvvn4hU1LHOwAu5A==",
      "license": "ISC",
      "dependencies": {
        "exupery-core-types": "^0.3.44"
      }
    },
    "node_modules/exupery-core-types": {
      "version": "0.3.45",
      "resolved": "https://registry.npmjs.org/exupery-core-types/-/exupery-core-types-0.3.45.tgz",
      "integrity": "sha512-oAmKzSscH+ZkKykwAnfxA3ZvAc34prtloQdcAB3NLjzYkXj8PgkRjD64iAkbDnca4Tg7lj4Ntii2kfok2WlpUg==",
      "license": "Apache-2.0"
    },
    "node_modules/exupery-resources": {
      "version": "0.3.15",
      "resolved": "https://registry.npmjs.org/exupery-resources/-/exupery-resources-0.3.15.tgz",
      "integrity": "sha512-XghNwRkUGzPPPuEFCPpcfXiC/anfu0POfUk+gM2nqKv09PDvMBV/KOL0+F+espexzJPo5ZuiBx4FqI8nZi09cw==",
      "dependencies": {
        "exupery-core-alg": "^0.5.11",
        "exupery-core-async": "^0.3.64",
        "exupery-core-dev": "^0.3.2",
        "pareto-fountain-pen": "^0.3.11"
      }
    },
    "node_modules/pareto-fountain-pen": {
      "version": "0.3.11",
      "resolved": "https://registry.npmjs.org/pareto-fountain-pen/-/pareto-fountain-pen-0.3.11.tgz",
      "integrity": "sha512-XoFHaaqtTEm68n8R1k9yxdmQbvTPYQwTj9Ln7joJc98wRIijTXqmntHxZdsY7nL+xUDAluxS2ThZF5iAX1sNtQ==",
      "license": "Apache-2.0",
      "dependencies": {
        "exupery-core-alg": "^0.5.10",
        "exupery-core-data": "^0.3.1",
        "exupery-core-dev": "^0.3.1",
        "pareto-standard-operations": "^0.3.8"
      },
      "engines": {
        "node": ">=14.0.0"
      }
    },
    "node_modules/pareto-standard-operations": {
      "version": "0.3.9",
      "resolved": "https://registry.npmjs.org/pareto-standard-operations/-/pareto-standard-operations-0.3.9.tgz",
      "integrity": "sha512-4mO0uHRWdR4CPWES1TMeV9sckJ49oaL+2NaW6thl50i33YeJuAuIJMiIm+Hd55xnQiakzz0C6NCONcuKYIbGSg==",
      "dependencies": {
        "exupery-core-alg": "^0.5.10"
      }
    }
  }
}
