{
  "name": "test",
  "lockfileVersion": 3,
  "requires": true,
  "packages": {
    "": {
      "dependencies": {
        "exupery-core-bin": "^0.3.29",
        "exupery-core-dev": "^0.3.2"
      }
    },
    "node_modules/exupery-core-alg": {
      "version": "0.5.11",
      "resolved": "https://registry.npmjs.org/exupery-core-alg/-/exupery-core-alg-0.5.11.tgz",
      "integrity": "sha512-NDCxzl2nIJkNJZzTW5LkYD5ae160+7Pu4ngue/mgermV5Olp3kDtNns2PmGkFlN1ND6FaEtm1Pt1BsU6ATHavw==",
      "license": "ISC",
      "dependencies": {
        "exupery-core-internals": "^0.3.10"
      }
    },
    "node_modules/exupery-core-async": {
      "version": "0.3.61",
      "resolved": "https://registry.npmjs.org/exupery-core-async/-/exupery-core-async-0.3.61.tgz",
      "integrity": "sha512-uE9IwRFJraNE90yCnIT6xcmsJJZHIIFUXmjPlO1sYAgeoCHFSfz47mTtWGRcdTrkw4QrsmU25iRXgjKmncuGjg==",
      "license": "Apache-2.0",
      "dependencies": {
        "exupery-core-internals": "^0.3.10",
        "exupery-core-types": "^0.3.41"
      }
    },
    "node_modules/exupery-core-bin": {
      "version": "0.3.29",
      "resolved": "https://registry.npmjs.org/exupery-core-bin/-/exupery-core-bin-0.3.29.tgz",
      "integrity": "sha512-CLaAdhbRB1sEQ3PRTHCKdVuNQ/JSTO8rIvMgSN1SYQxyHV2m5BRcaRniQxAHRbeqByCY3HJTU9QJ1/q+9wVJqQ==",
      "license": "ISC",
      "dependencies": {
        "exupery-core-async": "^0.3.59",
        "exupery-core-internals": "^0.3.10",
        "exupery-resources": "^0.3.13"
      }
    },
    "node_modules/exupery-core-data": {
      "version": "0.3.3",
      "resolved": "https://registry.npmjs.org/exupery-core-data/-/exupery-core-data-0.3.3.tgz",
      "integrity": "sha512-By9Ij7Ei+TRZPm+3BjNllbK0qId6EPs6cwGejvThnI/gV7NsSSXiONsKdiNcX8LCSy8oIpHh4z8sYQxROhgMXA==",
      "license": "ISC",
      "dependencies": {
        "exupery-core-internals": "^0.3.10"
      }
    },
    "node_modules/exupery-core-dev": {
      "version": "0.3.2",
      "resolved": "https://registry.npmjs.org/exupery-core-dev/-/exupery-core-dev-0.3.2.tgz",
      "integrity": "sha512-VJFLF+FiCGjSQhsxr5tQmkJuaV6ppXs3H+mftV1pwkYi5JMzQJSRFWbhHqAprDhzrOIySJwyDxJUtlqSJrFQcQ==",
      "license": "ISC",
      "dependencies": {
        "exupery-core-internals": "^0.3.10"
      }
    },
    "node_modules/exupery-core-internals": {
      "version": "0.3.10",
      "resolved": "https://registry.npmjs.org/exupery-core-internals/-/exupery-core-internals-0.3.10.tgz",
      "integrity": "sha512-SVpOM8qqk58U6oM1nsN55g1+qSdI0klKFwWBWE2yMlDZUTHiemhCCwHHRzNXOlmzsDErGQhYt3GbCiMQb+IAnQ==",
      "license": "ISC",
      "dependencies": {
        "exupery-core-types": "^0.3.41"
      }
    },
    "node_modules/exupery-core-types": {
      "version": "0.3.41",
      "resolved": "https://registry.npmjs.org/exupery-core-types/-/exupery-core-types-0.3.41.tgz",
      "integrity": "sha512-WucAFS2OJk2z+EJe6d3wZFc3LqHhBXe0dQ+PQAHuLD4cbE9dGGyQ/mJmv79YrPv5LAQP4Gu9QNzdCQzTZAgDZA==",
      "license": "Apache-2.0"
    },
    "node_modules/exupery-resources": {
      "version": "0.3.14",
      "resolved": "https://registry.npmjs.org/exupery-resources/-/exupery-resources-0.3.14.tgz",
      "integrity": "sha512-Ica7ncBsV15tZmpmfYY9silUhHh9mOmvP+Gz8V7fOODbvNKJJEubtK9viL0aEFtuztCtznCljS0Lo+P+rhJf0Q==",
      "dependencies": {
        "exupery-core-alg": "^0.5.10",
        "exupery-core-async": "^0.3.58",
        "exupery-core-dev": "^0.3.1",
        "pareto-fountain-pen": "^0.3.10"
      }
    },
    "node_modules/pareto-fountain-pen": {
      "version": "0.3.11",
      "resolved": "https://registry.npmjs.org/pareto-fountain-pen/-/pareto-fountain-pen-0.3.11.tgz",
      "integrity": "sha512-XoFHaaqtTEm68n8R1k9yxdmQbvTPYQwTj9Ln7joJc98wRIijTXqmntHxZdsY7nL+xUDAluxS2ThZF5iAX1sNtQ==",
      "license": "Apache-2.0",
      "dependencies": {
        "exupery-core-alg": "^0.5.10",
        "exupery-core-data": "^0.3.1",
        "exupery-core-dev": "^0.3.1",
        "pareto-standard-operations": "^0.3.8"
      },
      "engines": {
        "node": ">=14.0.0"
      }
    },
    "node_modules/pareto-standard-operations": {
      "version": "0.3.9",
      "resolved": "https://registry.npmjs.org/pareto-standard-operations/-/pareto-standard-operations-0.3.9.tgz",
      "integrity": "sha512-4mO0uHRWdR4CPWES1TMeV9sckJ49oaL+2NaW6thl50i33YeJuAuIJMiIm+Hd55xnQiakzz0C6NCONcuKYIbGSg==",
      "dependencies": {
        "exupery-core-alg": "^0.5.10"
      }
    }
  }
}
