{
  "name": "pareto-vscode-backend",
  "version": "0.1.11",
  "lockfileVersion": 3,
  "requires": true,
  "packages": {
    "": {
      "name": "pareto-vscode-backend",
      "version": "0.1.11",
      "license": "Apache-2.0",
      "dependencies": {
        "pareto": "^0.76.57"
      },
      "engines": {
        "node": ">=14.0.0"
      }
    },
    "node_modules/astn": {
      "version": "0.111.10",
      "resolved": "https://registry.npmjs.org/astn/-/astn-0.111.10.tgz",
      "integrity": "sha512-023IQPk/32PkbGgH1xrSU883LjGEp04mDeuGcQN5qZ431jZczwhZsB4qXG0GdEV11EP5PZXRr3Nlr0frkDxKdA==",
      "license": "Apache-2.0",
      "dependencies": {
        "exupery-core-alg": "^0.1.12",
        "exupery-core-bin": "^0.1.18",
        "exupery-core-data": "^0.1.10",
        "exupery-core-dev": "^0.1.2",
        "pareto-fountain-pen": "^0.1.32",
        "pareto-json": "^0.1.9",
        "pareto-standard-operations": "^0.1.11"
      },
      "bin": {
        "astn-validate": "dist/bin/validate_astn.js"
      },
      "engines": {
        "node": ">=14.0.0"
      }
    },
    "node_modules/exupery": {
      "version": "0.1.22",
      "resolved": "https://registry.npmjs.org/exupery/-/exupery-0.1.22.tgz",
      "integrity": "sha512-wljG6HDAyDCtWxY+jvm56xkLQ0y/fW27PxXjsXM9AXPhTFKlOVTEhN+sXf6W3WE5R2zb2NUdjghSAmD11KWoSg==",
      "dependencies": {
        "exupery-core-alg": "^0.1.12",
        "exupery-core-bin": "^0.1.18",
        "exupery-core-data": "^0.1.10",
        "exupery-core-dev": "^0.1.2",
        "exupery-standard-library": "^0.1.9",
        "install": "^0.13.0",
        "pareto-fountain-pen": "^0.1.31",
        "pareto-standard-operations": "^0.1.11"
      }
    },
    "node_modules/exupery-core-alg": {
      "version": "0.1.12",
      "resolved": "https://registry.npmjs.org/exupery-core-alg/-/exupery-core-alg-0.1.12.tgz",
      "integrity": "sha512-lkSC8L5gdr8r/K/k5azsRUsIi1il3CL/+CjPn7aFDS1L7hf9q56mqp04+urDEeSubd3ufT9WJvHfdMminab6hQ==",
      "license": "ISC",
      "dependencies": {
        "exupery-core-internals": "^0.1.12"
      }
    },
    "node_modules/exupery-core-async": {
      "version": "0.1.43",
      "resolved": "https://registry.npmjs.org/exupery-core-async/-/exupery-core-async-0.1.43.tgz",
      "integrity": "sha512-hj+Fdjv0jv6kHoqRQ4T2xVzM9uPpVFig6xY4QTqnGVsrdIS8s5oADcHkqr2Nd614IqBmP1ieQBHlyCaIF9/Vrg==",
      "license": "Apache-2.0",
      "dependencies": {
        "exupery-core-internals": "^0.1.12"
      }
    },
    "node_modules/exupery-core-bin": {
      "version": "0.1.18",
      "resolved": "https://registry.npmjs.org/exupery-core-bin/-/exupery-core-bin-0.1.18.tgz",
      "integrity": "sha512-h8UKNl9qU7+aWMTWDpL7JfXDd6D/vUbkqnlHbVGTbFxzVjLavCU21/iKHGBKc8oBfA0xdIWRPSkQVTZE1CqHvw==",
      "license": "ISC",
      "dependencies": {
        "exupery-core-async": "^0.1.39",
        "exupery-core-internals": "^0.1.11"
      }
    },
    "node_modules/exupery-core-data": {
      "version": "0.1.10",
      "resolved": "https://registry.npmjs.org/exupery-core-data/-/exupery-core-data-0.1.10.tgz",
      "integrity": "sha512-PVyFQ57pZFvGzOiPMLlRxSEn1pW2Cz9kxN2lx6PxCQx9bFXN1JXRyv5fUH+jwR6CuY/TKn+UiiJr4eZPxjB4rA==",
      "license": "ISC",
      "dependencies": {
        "exupery-core-internals": "^0.1.2"
      }
    },
    "node_modules/exupery-core-dev": {
      "version": "0.1.2",
      "resolved": "https://registry.npmjs.org/exupery-core-dev/-/exupery-core-dev-0.1.2.tgz",
      "integrity": "sha512-brE0MdbXZUyacHZTrmjRkkbTemrbPNEIu/fIN96ukZ1yLv+ga13u0AA2VYh4MqogWiXUaN0blRiav88Bv3Fyig==",
      "license": "ISC",
      "dependencies": {
        "exupery-core-internals": "^0.1.7"
      }
    },
    "node_modules/exupery-core-internals": {
      "version": "0.1.12",
      "resolved": "https://registry.npmjs.org/exupery-core-internals/-/exupery-core-internals-0.1.12.tgz",
      "integrity": "sha512-XMMSBV8dYjvlDUhamB1kcaC72lo0ukGI2ccwNE04TkM+rbMlb3d/500p7rY+EerOkYuwKtuGpNrp42a57dt5qw==",
      "license": "ISC",
      "dependencies": {
        "exupery-core-types": "^0.1.6"
      }
    },
    "node_modules/exupery-core-types": {
      "version": "0.1.6",
      "resolved": "https://registry.npmjs.org/exupery-core-types/-/exupery-core-types-0.1.6.tgz",
      "integrity": "sha512-KhulSFIk8Te7EhJH6mW/fyF/liUkB+Cl2tcbPXnxXjUvHLZc15aYM9OFuFpoHGkX2ZsjMOkcDEsQW15Dirdy+w==",
      "license": "Apache-2.0"
    },
    "node_modules/exupery-resources": {
      "version": "0.1.9",
      "resolved": "https://registry.npmjs.org/exupery-resources/-/exupery-resources-0.1.9.tgz",
      "integrity": "sha512-ohYQrBJ2HJrwx9Hqxq4DtDIKHv1mY/jnnIiXnv8knz+4/5q9iQWSk0JOv/0xahqj+sQhBktcWYQ+IbsBCU4IRw==",
      "dependencies": {
        "exupery-core-alg": "^0.1.12",
        "exupery-core-async": "^0.1.43",
        "exupery-core-bin": "^0.1.18",
        "exupery-core-dev": "^0.1.2"
      }
    },
    "node_modules/exupery-standard-library": {
      "version": "0.1.9",
      "resolved": "https://registry.npmjs.org/exupery-standard-library/-/exupery-standard-library-0.1.9.tgz",
      "integrity": "sha512-jdLn2Q2/ghKiCvZcNlSao5hvcrgRwi7rBG+XBhXPN6bc9fjIIhRHzBe214LKFszdn7vvKGAltoQmqdpRHIiAyQ==",
      "dependencies": {
        "exupery-core-alg": "^0.1.7",
        "exupery-core-dev": "^0.1.1"
      }
    },
    "node_modules/install": {
      "version": "0.13.0",
      "resolved": "https://registry.npmjs.org/install/-/install-0.13.0.tgz",
      "integrity": "sha512-zDml/jzr2PKU9I8J/xyZBQn8rPCAY//UOYNmR01XwNwyfhEWObo2SWfSl1+0tm1u6PhxLwDnfsT/6jB7OUxqFA==",
      "license": "MIT",
      "engines": {
        "node": ">= 0.10"
      }
    },
    "node_modules/pareto": {
      "version": "0.76.57",
      "resolved": "https://registry.npmjs.org/pareto/-/pareto-0.76.57.tgz",
      "integrity": "sha512-er6q4u3E+l6Em/GaEVVmRe/3mZP6+0WAp2jt5gJ4UwmJSbVXEVGgcZ3yqWiDGHthsCueC2scf6Ig4SqkCRHVLA==",
      "dependencies": {
        "astn": "^0.111.10",
        "exupery": "^0.1.22",
        "exupery-core-alg": "^0.1.12",
        "exupery-core-bin": "^0.1.18",
        "exupery-core-data": "^0.1.10",
        "exupery-core-dev": "^0.1.2",
        "pareto-fountain-pen": "^0.1.32",
        "pareto-standard-operations": "^0.1.11"
      }
    },
    "node_modules/pareto-fountain-pen": {
      "version": "0.1.32",
      "resolved": "https://registry.npmjs.org/pareto-fountain-pen/-/pareto-fountain-pen-0.1.32.tgz",
      "integrity": "sha512-kacAzda8opoy506yfDUm407f8FVR2iWWGs2VNoy8t8o/pslI7xNJPOw/wlLYPJuXsykDc5OdpKJP0U91GD2tOg==",
      "license": "Apache-2.0",
      "dependencies": {
        "exupery-core-alg": "^0.1.12",
        "exupery-core-bin": "^0.1.18",
        "exupery-core-data": "^0.1.10",
        "exupery-core-dev": "^0.1.2",
        "exupery-resources": "^0.1.9",
        "exupery-standard-library": "^0.1.9",
        "pareto-standard-operations": "^0.1.11"
      },
      "engines": {
        "node": ">=14.0.0"
      }
    },
    "node_modules/pareto-json": {
      "version": "0.1.9",
      "resolved": "https://registry.npmjs.org/pareto-json/-/pareto-json-0.1.9.tgz",
      "integrity": "sha512-KWbQ/7u2xG0lVVi9oVxj2ix4UWE9+K7OkngO7TXhXDD5WKBiyIcPO6/L/i8iwQLA87tsgSFrKnpfpo+90jwmKQ==",
      "license": "Apache-2.0",
      "dependencies": {
        "exupery-core-alg": "^0.1.12",
        "exupery-core-bin": "^0.1.18",
        "exupery-core-data": "^0.1.10",
        "pareto-fountain-pen": "^0.1.31",
        "pareto-standard-operations": "^0.1.11"
      },
      "engines": {
        "node": ">=14.0.0"
      }
    },
    "node_modules/pareto-standard-operations": {
      "version": "0.1.11",
      "resolved": "https://registry.npmjs.org/pareto-standard-operations/-/pareto-standard-operations-0.1.11.tgz",
      "integrity": "sha512-bx9JnDszuVP6jKa9WJS8e4CuQYCM1BpTK2ehPOfL3UL/doMVcfq74hdrENh+6eJLC7xJ0wsoJBD6x7XOkqhR9Q==",
      "dependencies": {
        "exupery-core-alg": "^0.1.12",
        "exupery-core-bin": "^0.1.18",
        "exupery-resources": "^0.1.9",
        "exupery-standard-library": "^0.1.9"
      }
    }
  }
}
