{
  "name": "pareto-vscode-backend",
  "version": "0.1.8",
  "lockfileVersion": 3,
  "requires": true,
  "packages": {
    "": {
      "name": "pareto-vscode-backend",
      "version": "0.1.8",
      "license": "Apache-2.0",
      "dependencies": {
        "pareto": "^0.76.46"
      },
      "engines": {
        "node": ">=14.0.0"
      }
    },
    "node_modules/astn": {
      "version": "0.110.29",
      "resolved": "https://registry.npmjs.org/astn/-/astn-0.110.29.tgz",
      "integrity": "sha512-8kSZv1Hqx7kvNuiR4dy+Oh50y0XhUd+ES5FelKihbgjGYzedEtE4RXsaVpI4oBcnnJYpwfRPVSfcW09kPFdBfg==",
      "license": "Apache-2.0",
      "dependencies": {
        "exupery-core-alg": "^0.1.8",
        "exupery-core-bin": "^0.1.5",
        "exupery-core-data": "^0.1.10",
        "exupery-core-dev": "^0.1.2",
        "pareto-fountain-pen": "^0.1.25",
        "pareto-json": "^0.1.6",
        "pareto-standard-operations": "^0.1.5"
      },
      "bin": {
        "astn-validate": "dist/bin/validate_astn.js"
      },
      "engines": {
        "node": ">=14.0.0"
      }
    },
    "node_modules/exupery": {
      "version": "0.1.21",
      "resolved": "https://registry.npmjs.org/exupery/-/exupery-0.1.21.tgz",
      "integrity": "sha512-e9Tqm+VL49YX06Xnhljj3dlXtEK7+8AudQvSIHBxpMo0klLYkUY2gOOWP9FwX0I3pyQsWpKwICHiOFqV3APg+A==",
      "dependencies": {
        "exupery-core-alg": "^0.1.7",
        "exupery-core-data": "^0.1.10",
        "exupery-core-dev": "^0.1.1",
        "exupery-standard-library": "^0.1.9",
        "pareto-fountain-pen": "^0.1.23",
        "pareto-standard-operations": "^0.1.5"
      }
    },
    "node_modules/exupery-core-alg": {
      "version": "0.1.8",
      "resolved": "https://registry.npmjs.org/exupery-core-alg/-/exupery-core-alg-0.1.8.tgz",
      "integrity": "sha512-NHZxeIU6bo1TboMjyWxWwvNu/t3QXGkDZadAUH08tJ4viTm82KYIbOIBlS5Es/kc6BzKOu7We+QMX9Jnnid62w==",
      "license": "ISC",
      "dependencies": {
        "exupery-core-internals": "^0.1.7"
      }
    },
    "node_modules/exupery-core-async": {
      "version": "0.1.28",
      "resolved": "https://registry.npmjs.org/exupery-core-async/-/exupery-core-async-0.1.28.tgz",
      "integrity": "sha512-+KZjhnWLI8hgZYPJD5JSxLS0X9HsYxghJbGm7bvywMNd/4F6lv1bYPKWc73kv2AN1E8qZox83XRzMVpGQIXgkQ==",
      "license": "Apache-2.0",
      "dependencies": {
        "exupery-core-internals": "^0.1.8"
      }
    },
    "node_modules/exupery-core-bin": {
      "version": "0.1.15",
      "resolved": "https://registry.npmjs.org/exupery-core-bin/-/exupery-core-bin-0.1.15.tgz",
      "integrity": "sha512-DnwD3WSmCpCPafKTrFTwy+XVWtOgkIvHVpFzylFynXzmobU30oZwlWMwPf64W7GSBvTrJJFM5jqLoxnIZJ9dNA==",
      "license": "ISC",
      "dependencies": {
        "exupery-core-async": "^0.1.28",
        "exupery-core-internals": "^0.1.8"
      }
    },
    "node_modules/exupery-core-data": {
      "version": "0.1.10",
      "resolved": "https://registry.npmjs.org/exupery-core-data/-/exupery-core-data-0.1.10.tgz",
      "integrity": "sha512-PVyFQ57pZFvGzOiPMLlRxSEn1pW2Cz9kxN2lx6PxCQx9bFXN1JXRyv5fUH+jwR6CuY/TKn+UiiJr4eZPxjB4rA==",
      "license": "ISC",
      "dependencies": {
        "exupery-core-internals": "^0.1.2"
      }
    },
    "node_modules/exupery-core-dev": {
      "version": "0.1.2",
      "resolved": "https://registry.npmjs.org/exupery-core-dev/-/exupery-core-dev-0.1.2.tgz",
      "integrity": "sha512-brE0MdbXZUyacHZTrmjRkkbTemrbPNEIu/fIN96ukZ1yLv+ga13u0AA2VYh4MqogWiXUaN0blRiav88Bv3Fyig==",
      "license": "ISC",
      "dependencies": {
        "exupery-core-internals": "^0.1.7"
      }
    },
    "node_modules/exupery-core-internals": {
      "version": "0.1.8",
      "resolved": "https://registry.npmjs.org/exupery-core-internals/-/exupery-core-internals-0.1.8.tgz",
      "integrity": "sha512-Afmmi5BKffDHhmlcwqwu6dvaKaKssgBmkS4hxV+quF40tfWwZu2NfjT3KeC7l/JYOfXqYvVv4onymNNViE+9ZQ==",
      "license": "ISC",
      "dependencies": {
        "exupery-core-types": "^0.1.5"
      }
    },
    "node_modules/exupery-core-types": {
      "version": "0.1.6",
      "resolved": "https://registry.npmjs.org/exupery-core-types/-/exupery-core-types-0.1.6.tgz",
      "integrity": "sha512-KhulSFIk8Te7EhJH6mW/fyF/liUkB+Cl2tcbPXnxXjUvHLZc15aYM9OFuFpoHGkX2ZsjMOkcDEsQW15Dirdy+w==",
      "license": "Apache-2.0"
    },
    "node_modules/exupery-resources": {
      "version": "0.1.3",
      "resolved": "https://registry.npmjs.org/exupery-resources/-/exupery-resources-0.1.3.tgz",
      "integrity": "sha512-37ojP4q9BTsx834Kpn64ARuJGLmuEORxtyYk5aYHqkBiMx6JAMnQZTTmkiiXcGQTa+ItlVuWPGMpMt+LkUD10A==",
      "dependencies": {
        "exupery-core-alg": "^0.1.8",
        "exupery-core-async": "^0.1.27",
        "exupery-core-dev": "^0.1.2"
      }
    },
    "node_modules/exupery-standard-library": {
      "version": "0.1.9",
      "resolved": "https://registry.npmjs.org/exupery-standard-library/-/exupery-standard-library-0.1.9.tgz",
      "integrity": "sha512-jdLn2Q2/ghKiCvZcNlSao5hvcrgRwi7rBG+XBhXPN6bc9fjIIhRHzBe214LKFszdn7vvKGAltoQmqdpRHIiAyQ==",
      "dependencies": {
        "exupery-core-alg": "^0.1.7",
        "exupery-core-dev": "^0.1.1"
      }
    },
    "node_modules/pareto": {
      "version": "0.76.48",
      "resolved": "https://registry.npmjs.org/pareto/-/pareto-0.76.48.tgz",
      "integrity": "sha512-QDkDoP+nXydxL4ZC9z7MSijsG+iBhbjq9GocO06Nr3FfyBr/X155V0kI4qKS0DR3D9Lqzz6LxaYqGtE8q6SAKA==",
      "dependencies": {
        "astn": "^0.110.29",
        "exupery": "^0.1.21",
        "exupery-core-alg": "^0.1.8",
        "exupery-core-bin": "^0.1.15",
        "exupery-core-data": "^0.1.10",
        "exupery-core-dev": "^0.1.2",
        "pareto-fountain-pen": "^0.1.27",
        "pareto-standard-operations": "^0.1.6"
      }
    },
    "node_modules/pareto-fountain-pen": {
      "version": "0.1.27",
      "resolved": "https://registry.npmjs.org/pareto-fountain-pen/-/pareto-fountain-pen-0.1.27.tgz",
      "integrity": "sha512-3RVB3jYbNOXoEKZtXSlZ91cNSjdXLWpFbcQmEgtsWQBU2rxyVkAaPb5sapF6xcTJ+446ZymkBw6EfERXcioE+Q==",
      "license": "Apache-2.0",
      "dependencies": {
        "exupery-core-alg": "^0.1.8",
        "exupery-core-data": "^0.1.10",
        "exupery-core-dev": "^0.1.2",
        "exupery-resources": "^0.1.3",
        "exupery-standard-library": "^0.1.9",
        "pareto-standard-operations": "^0.1.6"
      },
      "engines": {
        "node": ">=14.0.0"
      }
    },
    "node_modules/pareto-json": {
      "version": "0.1.6",
      "resolved": "https://registry.npmjs.org/pareto-json/-/pareto-json-0.1.6.tgz",
      "integrity": "sha512-ef7eleo3KjHtUY3TK1OYICI9Lb2W4lJdgr3JAMc3g/QhppdYzn0zNKS3fPU/YnwwQb2BCrtThKSnMZAqX3ygDw==",
      "license": "Apache-2.0",
      "dependencies": {
        "exupery-core-alg": "^0.1.8",
        "exupery-core-data": "^0.1.10",
        "pareto-fountain-pen": "^0.1.25",
        "pareto-standard-operations": "^0.1.5"
      },
      "engines": {
        "node": ">=14.0.0"
      }
    },
    "node_modules/pareto-standard-operations": {
      "version": "0.1.6",
      "resolved": "https://registry.npmjs.org/pareto-standard-operations/-/pareto-standard-operations-0.1.6.tgz",
      "integrity": "sha512-T9hG1oUgCNGQ+54LzR1SJ9beLVjvOHiLwytMzzU//u9SBw7XhFW8RGYNK4teU9+9QjTRSrBUZ1sTOHncTPrUIw==",
      "dependencies": {
        "exupery-core-alg": "^0.1.8",
        "exupery-standard-library": "^0.1.9"
      }
    }
  }
}
