{
  "name": "pareto-vscode-backend",
  "version": "0.1.2",
  "lockfileVersion": 3,
  "requires": true,
  "packages": {
    "": {
      "name": "pareto-vscode-backend",
      "version": "0.1.2",
      "license": "Apache-2.0",
      "dependencies": {
        "pareto": "^0.76.45"
      },
      "engines": {
        "node": ">=14.0.0"
      }
    },
    "node_modules/astn": {
      "version": "0.110.29",
      "resolved": "https://registry.npmjs.org/astn/-/astn-0.110.29.tgz",
      "integrity": "sha512-8kSZv1Hqx7kvNuiR4dy+Oh50y0XhUd+ES5FelKihbgjGYzedEtE4RXsaVpI4oBcnnJYpwfRPVSfcW09kPFdBfg==",
      "license": "Apache-2.0",
      "dependencies": {
        "exupery-core-alg": "^0.1.8",
        "exupery-core-bin": "^0.1.5",
        "exupery-core-data": "^0.1.10",
        "exupery-core-dev": "^0.1.2",
        "pareto-fountain-pen": "^0.1.25",
        "pareto-json": "^0.1.6",
        "pareto-standard-operations": "^0.1.5"
      },
      "bin": {
        "astn-validate": "dist/bin/validate_astn.js"
      },
      "engines": {
        "node": ">=14.0.0"
      }
    },
    "node_modules/exupery": {
      "version": "0.1.21",
      "resolved": "https://registry.npmjs.org/exupery/-/exupery-0.1.21.tgz",
      "integrity": "sha512-e9Tqm+VL49YX06Xnhljj3dlXtEK7+8AudQvSIHBxpMo0klLYkUY2gOOWP9FwX0I3pyQsWpKwICHiOFqV3APg+A==",
      "dependencies": {
        "exupery-core-alg": "^0.1.7",
        "exupery-core-data": "^0.1.10",
        "exupery-core-dev": "^0.1.1",
        "exupery-standard-library": "^0.1.9",
        "pareto-fountain-pen": "^0.1.23",
        "pareto-standard-operations": "^0.1.5"
      }
    },
    "node_modules/exupery-core-alg": {
      "version": "0.1.8",
      "resolved": "https://registry.npmjs.org/exupery-core-alg/-/exupery-core-alg-0.1.8.tgz",
      "integrity": "sha512-NHZxeIU6bo1TboMjyWxWwvNu/t3QXGkDZadAUH08tJ4viTm82KYIbOIBlS5Es/kc6BzKOu7We+QMX9Jnnid62w==",
      "license": "ISC",
      "dependencies": {
        "exupery-core-internals": "^0.1.7"
      }
    },
    "node_modules/exupery-core-async": {
      "version": "0.1.25",
      "resolved": "https://registry.npmjs.org/exupery-core-async/-/exupery-core-async-0.1.25.tgz",
      "integrity": "sha512-bHhN/7buDlWZSV91HPgxcJgDMHnO2N4f3chf0xISy4glf+T4txqdQkUaNwYqHgwcLslO642ZSMWlS462qszu0A==",
      "license": "Apache-2.0",
      "dependencies": {
        "exupery-core-internals": "^0.1.8"
      }
    },
    "node_modules/exupery-core-bin": {
      "version": "0.1.12",
      "resolved": "https://registry.npmjs.org/exupery-core-bin/-/exupery-core-bin-0.1.12.tgz",
      "integrity": "sha512-/Upi3ODOZ2CPRmlyK6qY1/qgWhEwG4zbiDybzCxWHEwPBbMMNzQsPQVGtjwGo5QdrZgSZ8P/cgil74xZwDBwkA==",
      "license": "ISC",
      "dependencies": {
        "exupery-core-async": "^0.1.25",
        "exupery-core-internals": "^0.1.8"
      }
    },
    "node_modules/exupery-core-data": {
      "version": "0.1.10",
      "resolved": "https://registry.npmjs.org/exupery-core-data/-/exupery-core-data-0.1.10.tgz",
      "integrity": "sha512-PVyFQ57pZFvGzOiPMLlRxSEn1pW2Cz9kxN2lx6PxCQx9bFXN1JXRyv5fUH+jwR6CuY/TKn+UiiJr4eZPxjB4rA==",
      "license": "ISC",
      "dependencies": {
        "exupery-core-internals": "^0.1.2"
      }
    },
    "node_modules/exupery-core-dev": {
      "version": "0.1.2",
      "resolved": "https://registry.npmjs.org/exupery-core-dev/-/exupery-core-dev-0.1.2.tgz",
      "integrity": "sha512-brE0MdbXZUyacHZTrmjRkkbTemrbPNEIu/fIN96ukZ1yLv+ga13u0AA2VYh4MqogWiXUaN0blRiav88Bv3Fyig==",
      "license": "ISC",
      "dependencies": {
        "exupery-core-internals": "^0.1.7"
      }
    },
    "node_modules/exupery-core-internals": {
      "version": "0.1.8",
      "resolved": "https://registry.npmjs.org/exupery-core-internals/-/exupery-core-internals-0.1.8.tgz",
      "integrity": "sha512-Afmmi5BKffDHhmlcwqwu6dvaKaKssgBmkS4hxV+quF40tfWwZu2NfjT3KeC7l/JYOfXqYvVv4onymNNViE+9ZQ==",
      "license": "ISC",
      "dependencies": {
        "exupery-core-types": "^0.1.5"
      }
    },
    "node_modules/exupery-core-types": {
      "version": "0.1.6",
      "resolved": "https://registry.npmjs.org/exupery-core-types/-/exupery-core-types-0.1.6.tgz",
      "integrity": "sha512-KhulSFIk8Te7EhJH6mW/fyF/liUkB+Cl2tcbPXnxXjUvHLZc15aYM9OFuFpoHGkX2ZsjMOkcDEsQW15Dirdy+w==",
      "license": "Apache-2.0"
    },
    "node_modules/exupery-resources": {
      "version": "0.1.2",
      "resolved": "https://registry.npmjs.org/exupery-resources/-/exupery-resources-0.1.2.tgz",
      "integrity": "sha512-ZuY0nGiVU5vx935twRumZNCzK5fTd8N8T4km7Oxc542eDkwro13nYwVlYwtpyNcpm8WMumrSkt5CMumVuYeBGA==",
      "dependencies": {
        "exupery-core-alg": "^0.1.8",
        "exupery-core-async": "^0.1.25",
        "exupery-core-dev": "^0.1.2"
      }
    },
    "node_modules/exupery-standard-library": {
      "version": "0.1.9",
      "resolved": "https://registry.npmjs.org/exupery-standard-library/-/exupery-standard-library-0.1.9.tgz",
      "integrity": "sha512-jdLn2Q2/ghKiCvZcNlSao5hvcrgRwi7rBG+XBhXPN6bc9fjIIhRHzBe214LKFszdn7vvKGAltoQmqdpRHIiAyQ==",
      "dependencies": {
        "exupery-core-alg": "^0.1.7",
        "exupery-core-dev": "^0.1.1"
      }
    },
    "node_modules/pareto": {
      "version": "0.76.45",
      "resolved": "https://registry.npmjs.org/pareto/-/pareto-0.76.45.tgz",
      "integrity": "sha512-nZbGyzkK5jJxrXFOX0MFpeD+tX7NRYOetesunjOv0If2ePNTUHNpGQkrKIy8EX0+Osjovwsauv1dJaESSvHj1A==",
      "dependencies": {
        "astn": "^0.110.28",
        "exupery": "^0.1.21",
        "exupery-core-alg": "^0.1.7",
        "exupery-core-bin": "^0.1.5",
        "exupery-core-data": "^0.1.10",
        "exupery-core-dev": "^0.1.2",
        "pareto-fountain-pen": "^0.1.25",
        "pareto-standard-operations": "^0.1.5"
      }
    },
    "node_modules/pareto-fountain-pen": {
      "version": "0.1.26",
      "resolved": "https://registry.npmjs.org/pareto-fountain-pen/-/pareto-fountain-pen-0.1.26.tgz",
      "integrity": "sha512-yMh3xwdqvcvby/8KPig/yVNxOZiw3SImoGx7OmCS+SWVbU6YXvFw/8AzAhTe3L20nenJEOy9nI7kncsN/YkEpw==",
      "license": "Apache-2.0",
      "dependencies": {
        "exupery-core-alg": "^0.1.8",
        "exupery-core-data": "^0.1.10",
        "exupery-core-dev": "^0.1.2",
        "exupery-resources": "^0.1.2",
        "exupery-standard-library": "^0.1.9",
        "pareto-standard-operations": "^0.1.6"
      },
      "engines": {
        "node": ">=14.0.0"
      }
    },
    "node_modules/pareto-json": {
      "version": "0.1.6",
      "resolved": "https://registry.npmjs.org/pareto-json/-/pareto-json-0.1.6.tgz",
      "integrity": "sha512-ef7eleo3KjHtUY3TK1OYICI9Lb2W4lJdgr3JAMc3g/QhppdYzn0zNKS3fPU/YnwwQb2BCrtThKSnMZAqX3ygDw==",
      "license": "Apache-2.0",
      "dependencies": {
        "exupery-core-alg": "^0.1.8",
        "exupery-core-data": "^0.1.10",
        "pareto-fountain-pen": "^0.1.25",
        "pareto-standard-operations": "^0.1.5"
      },
      "engines": {
        "node": ">=14.0.0"
      }
    },
    "node_modules/pareto-standard-operations": {
      "version": "0.1.6",
      "resolved": "https://registry.npmjs.org/pareto-standard-operations/-/pareto-standard-operations-0.1.6.tgz",
      "integrity": "sha512-T9hG1oUgCNGQ+54LzR1SJ9beLVjvOHiLwytMzzU//u9SBw7XhFW8RGYNK4teU9+9QjTRSrBUZ1sTOHncTPrUIw==",
      "dependencies": {
        "exupery-core-alg": "^0.1.8",
        "exupery-standard-library": "^0.1.9"
      }
    }
  }
}
