{
  "name": "pareto-vscode-backend",
  "version": "0.3.6",
  "lockfileVersion": 3,
  "requires": true,
  "packages": {
    "": {
      "name": "pareto-vscode-backend",
      "version": "0.3.6",
      "license": "Apache-2.0",
      "dependencies": {
        "pareto": "^0.78.17"
      },
      "engines": {
        "node": ">=14.0.0"
      }
    },
    "node_modules/astn": {
      "version": "0.113.20",
      "resolved": "https://registry.npmjs.org/astn/-/astn-0.113.20.tgz",
      "integrity": "sha512-N7ZeeOVNDvO5NMuAe1y4jdWLMCI4NNOxjLZxe6t9gAsF/2RK8s+uJFDNh8+9au7wjznTM+wcD7XoqTOISjTtBA==",
      "license": "Apache-2.0",
      "dependencies": {
        "pareto-core-refiner": "^0.1.6",
        "pareto-fountain-pen": "^0.3.23",
        "pareto-host-nodejs": "^0.1.2",
        "pareto-json": "^0.3.7",
        "pareto-resources": "^0.1.1",
        "pareto-standard-operations": "^0.3.33"
      },
      "bin": {
        "astn-validate": "dist/bin/validate_astn.js"
      },
      "engines": {
        "node": ">=14.0.0"
      }
    },
    "node_modules/exupery": {
      "version": "0.3.14",
      "resolved": "https://registry.npmjs.org/exupery/-/exupery-0.3.14.tgz",
      "integrity": "sha512-Ek4zDjxCD7FRRMsBk2QhiK6Qp3fnx6QV9gF9BikLtILPTYIChulOiyNvTQGzVPVCfdF5JQxZ5K15PjlIRIZsHA==",
      "dependencies": {
        "pareto-fountain-pen": "^0.3.22"
      }
    },
    "node_modules/pareto": {
      "version": "0.78.17",
      "resolved": "https://registry.npmjs.org/pareto/-/pareto-0.78.17.tgz",
      "integrity": "sha512-jJGGEGRL6lFHRcTVTceqZEFfykDYqHBKl647M0MjC8qYPh+S3t+8pw6ADSTBF2DY1FYQce9cyZretL9FMxmZng==",
      "dependencies": {
        "astn": "^0.113.20",
        "exupery": "^0.3.14",
        "pareto-fountain-pen": "^0.3.23",
        "pareto-standard-operations": "^0.3.33"
      }
    },
    "node_modules/pareto-core-command": {
      "version": "0.2.6",
      "resolved": "https://registry.npmjs.org/pareto-core-command/-/pareto-core-command-0.2.6.tgz",
      "integrity": "sha512-bpls+UD+gPCJ8yJl9/vGO6sPiuVJ7WSmPgGt/PXnUUloSu4n6rS3CbSuBp7mlj3lkCvF5D4Sd6xQVH+h3rdTZw==",
      "license": "ISC",
      "dependencies": {
        "pareto-core-internals": "^0.24.11"
      }
    },
    "node_modules/pareto-core-deserializer": {
      "version": "0.2.3",
      "resolved": "https://registry.npmjs.org/pareto-core-deserializer/-/pareto-core-deserializer-0.2.3.tgz",
      "integrity": "sha512-iTXeOUyYztsjSJe27fId3KBLlbzUKY0D1k9z1cKFewCSl6FBdShsJoeEBkh9/M5o14cHYflXB8TvFCbUzD3mkQ==",
      "license": "ISC",
      "dependencies": {
        "pareto-core-internals": "^0.24.6"
      }
    },
    "node_modules/pareto-core-dev": {
      "version": "0.11.1",
      "resolved": "https://registry.npmjs.org/pareto-core-dev/-/pareto-core-dev-0.11.1.tgz",
      "integrity": "sha512-uV2qy3lKAEL9GQ5kWBxdQgIzxVlydActl3PryI/KKunHN5Y/NUUyPd+eM+OeWcyw7ID5BEuii24WCNYmgVvcwQ==",
      "license": "ISC",
      "dependencies": {
        "pareto-core-internals": "^0.24.10"
      }
    },
    "node_modules/pareto-core-interface": {
      "version": "0.1.10",
      "resolved": "https://registry.npmjs.org/pareto-core-interface/-/pareto-core-interface-0.1.10.tgz",
      "integrity": "sha512-lWGjhI/5wHJWR3pR8eQEBYspQ9fn7/bhF/JezSkn90C4fV3EJ5dtfVxsTzJu6sqCf4zTOB0Wb/7jATn0hVmySg==",
      "license": "Apache-2.0"
    },
    "node_modules/pareto-core-internals": {
      "version": "0.24.12",
      "resolved": "https://registry.npmjs.org/pareto-core-internals/-/pareto-core-internals-0.24.12.tgz",
      "integrity": "sha512-dikhpFPl9crJE4FiudN8qBOstzxfySyG56r8sTdpbHgl5urX2SrUkEgd9R/boLsg2UzKX+4mKkO/9GAqW2yZig==",
      "license": "ISC",
      "dependencies": {
        "pareto-core-interface": "^0.1.9"
      }
    },
    "node_modules/pareto-core-query": {
      "version": "0.1.2",
      "resolved": "https://registry.npmjs.org/pareto-core-query/-/pareto-core-query-0.1.2.tgz",
      "integrity": "sha512-DLvtFdLZoMtfQ5Esulv7j/labKZ/NdBToIOaWIZRAfohPvTcGzCjAwKWaWxPhb+vJDmbTWhkiiLXUjuMnkZttg==",
      "license": "ISC",
      "dependencies": {
        "pareto-core-internals": "^0.24.11"
      }
    },
    "node_modules/pareto-core-refiner": {
      "version": "0.1.6",
      "resolved": "https://registry.npmjs.org/pareto-core-refiner/-/pareto-core-refiner-0.1.6.tgz",
      "integrity": "sha512-GfEz/8wnSanws7LuKVXTDLB9hyJe5IWpR3LUvZwuhXNLtf5AS40HBHj0GqbesGRnvPk/ZV2Ptnv+J9g4KmPMbw==",
      "license": "ISC",
      "dependencies": {
        "pareto-core-internals": "^0.24.11"
      }
    },
    "node_modules/pareto-core-serializer": {
      "version": "0.1.2",
      "resolved": "https://registry.npmjs.org/pareto-core-serializer/-/pareto-core-serializer-0.1.2.tgz",
      "integrity": "sha512-QxwcBeP0jKy3paxBSBo3mVkcDNqduD0VwfbFn9zM/3z5wqOVck7W+ozipnJOyBDXg+FDw3breQnUQvCw7Q+TgA==",
      "license": "ISC",
      "dependencies": {
        "pareto-core-internals": "^0.24.6"
      }
    },
    "node_modules/pareto-core-shorthands": {
      "version": "0.1.3",
      "resolved": "https://registry.npmjs.org/pareto-core-shorthands/-/pareto-core-shorthands-0.1.3.tgz",
      "integrity": "sha512-zejCyqqsADsa7LzkrexHM4qsFZo/03vBMtkLXsZLs/q0OEKbU6Ryz514pKZH+Wz32KptWTfASTuuL9QJrsrPEA==",
      "license": "ISC",
      "dependencies": {
        "pareto-core-internals": "^0.24.9"
      }
    },
    "node_modules/pareto-core-transformer": {
      "version": "0.1.6",
      "resolved": "https://registry.npmjs.org/pareto-core-transformer/-/pareto-core-transformer-0.1.6.tgz",
      "integrity": "sha512-VXA2aNOvLtIq7QdbdQvHKXOpolEmAd287dnCizqCBI/nGMoCxOSieBN8wvAGe34mFoIRRoqBB7p1PUatXkCPNw==",
      "license": "ISC",
      "dependencies": {
        "pareto-core-internals": "^0.24.11"
      }
    },
    "node_modules/pareto-fountain-pen": {
      "version": "0.3.23",
      "resolved": "https://registry.npmjs.org/pareto-fountain-pen/-/pareto-fountain-pen-0.3.23.tgz",
      "integrity": "sha512-q+S7QaKPgq8TQuDCBVFzVgdxlBv20AOSCN5RKzq1eItzyStGXxIlqVZKvP6Wz0hOhcMUsACXQznowzFNdCZHJA==",
      "license": "Apache-2.0",
      "dependencies": {
        "pareto-core-dev": "^0.11.1",
        "pareto-core-refiner": "^0.1.6",
        "pareto-core-shorthands": "^0.1.3",
        "pareto-core-transformer": "^0.1.6",
        "pareto-standard-operations": "^0.3.31"
      },
      "engines": {
        "node": ">=14.0.0"
      }
    },
    "node_modules/pareto-host-nodejs": {
      "version": "0.1.2",
      "resolved": "https://registry.npmjs.org/pareto-host-nodejs/-/pareto-host-nodejs-0.1.2.tgz",
      "integrity": "sha512-c/bF7Hjcuqq02sHkDAGlpeSEfOu0boPvTrmuOLoTttQ7O1PIiXgIUQOGtKXH4TGzMthDciNSAWVX34rsxqhHTQ==",
      "license": "ISC",
      "dependencies": {
        "pareto-resources": "^0.1.1"
      }
    },
    "node_modules/pareto-json": {
      "version": "0.3.7",
      "resolved": "https://registry.npmjs.org/pareto-json/-/pareto-json-0.3.7.tgz",
      "integrity": "sha512-+se2iOCZfpfnMgyQG0Th0bhbaGgIsG0XGnWcYz70XkuS34NzvxxiTDzqO7XBe1rxgPD7v9gPNglgSLvwOVrwgg==",
      "license": "Apache-2.0",
      "dependencies": {
        "pareto-core-shorthands": "^0.1.3",
        "pareto-fountain-pen": "^0.3.22",
        "pareto-standard-operations": "^0.3.31"
      },
      "engines": {
        "node": ">=14.0.0"
      }
    },
    "node_modules/pareto-resources": {
      "version": "0.1.2",
      "resolved": "https://registry.npmjs.org/pareto-resources/-/pareto-resources-0.1.2.tgz",
      "integrity": "sha512-zHAryoKaL9uNxWHkRHwwwBl03IRoR5m7mGuLaFdQyMvuZWh+eWhLrWNxLyeJvmADVldRKjFbwiFs/bbEAdTBmg==",
      "dependencies": {
        "pareto-core-command": "^0.2.6",
        "pareto-core-query": "^0.1.2",
        "pareto-fountain-pen": "^0.3.23"
      }
    },
    "node_modules/pareto-standard-operations": {
      "version": "0.3.33",
      "resolved": "https://registry.npmjs.org/pareto-standard-operations/-/pareto-standard-operations-0.3.33.tgz",
      "integrity": "sha512-Udsy0kIB6TnGtzVnEndDvn8kDdPNVlg4Wz5ZVzohJcALs//YAyhRIQnAkRa7GvcoAHW0uiu2OODn+K8pTSn6CA==",
      "dependencies": {
        "pareto-core-deserializer": "^0.2.3",
        "pareto-core-serializer": "^0.1.2",
        "pareto-core-transformer": "^0.1.6"
      }
    }
  }
}
