{
  "name": "pareto-vscode-backend",
  "version": "0.1.21",
  "lockfileVersion": 3,
  "requires": true,
  "packages": {
    "": {
      "name": "pareto-vscode-backend",
      "version": "0.1.21",
      "license": "Apache-2.0",
      "dependencies": {
        "pareto": "^0.76.68"
      },
      "engines": {
        "node": ">=14.0.0"
      }
    },
    "node_modules/astn": {
      "version": "0.111.29",
      "resolved": "https://registry.npmjs.org/astn/-/astn-0.111.29.tgz",
      "integrity": "sha512-iAST+lZLSH/Gn2puN2EPH3CUJvASm8j0bzTSCLCuq0Aga1BjOlfSx5v1aAKjzJH+OTGOpuvmKzuSE3l5rb8oRg==",
      "license": "Apache-2.0",
      "dependencies": {
        "exupery-core-alg": "^0.1.12",
        "exupery-core-bin": "^0.1.18",
        "exupery-core-data": "^0.1.11",
        "exupery-core-dev": "^0.1.3",
        "pareto-fountain-pen": "^0.1.41",
        "pareto-json": "^0.1.15",
        "pareto-standard-operations": "^0.1.17"
      },
      "bin": {
        "astn-validate": "dist/bin/validate_astn.js"
      },
      "engines": {
        "node": ">=14.0.0"
      }
    },
    "node_modules/exupery": {
      "version": "0.1.30",
      "resolved": "https://registry.npmjs.org/exupery/-/exupery-0.1.30.tgz",
      "integrity": "sha512-xaoluvO+i5aEtKQYrfSrL8xb1wmeHtKXFvEdxaKMcD7SkrY0JkVuGSp9pKUGFYYG6bfhPF5lHDa4/sN0UcMkpw==",
      "dependencies": {
        "exupery-core-alg": "^0.1.12",
        "exupery-core-bin": "^0.1.18",
        "exupery-core-data": "^0.1.11",
        "exupery-core-dev": "^0.1.3",
        "pareto-fountain-pen": "^0.1.41",
        "pareto-standard-operations": "^0.1.17"
      }
    },
    "node_modules/exupery-core-alg": {
      "version": "0.1.12",
      "resolved": "https://registry.npmjs.org/exupery-core-alg/-/exupery-core-alg-0.1.12.tgz",
      "integrity": "sha512-lkSC8L5gdr8r/K/k5azsRUsIi1il3CL/+CjPn7aFDS1L7hf9q56mqp04+urDEeSubd3ufT9WJvHfdMminab6hQ==",
      "license": "ISC",
      "dependencies": {
        "exupery-core-internals": "^0.1.12"
      }
    },
    "node_modules/exupery-core-async": {
      "version": "0.1.43",
      "resolved": "https://registry.npmjs.org/exupery-core-async/-/exupery-core-async-0.1.43.tgz",
      "integrity": "sha512-hj+Fdjv0jv6kHoqRQ4T2xVzM9uPpVFig6xY4QTqnGVsrdIS8s5oADcHkqr2Nd614IqBmP1ieQBHlyCaIF9/Vrg==",
      "license": "Apache-2.0",
      "dependencies": {
        "exupery-core-internals": "^0.1.12"
      }
    },
    "node_modules/exupery-core-bin": {
      "version": "0.1.18",
      "resolved": "https://registry.npmjs.org/exupery-core-bin/-/exupery-core-bin-0.1.18.tgz",
      "integrity": "sha512-h8UKNl9qU7+aWMTWDpL7JfXDd6D/vUbkqnlHbVGTbFxzVjLavCU21/iKHGBKc8oBfA0xdIWRPSkQVTZE1CqHvw==",
      "license": "ISC",
      "dependencies": {
        "exupery-core-async": "^0.1.39",
        "exupery-core-internals": "^0.1.11"
      }
    },
    "node_modules/exupery-core-data": {
      "version": "0.1.11",
      "resolved": "https://registry.npmjs.org/exupery-core-data/-/exupery-core-data-0.1.11.tgz",
      "integrity": "sha512-17e+rWuke8/WMBkiFw22YsPv7PL1EnapdsAPewtnuwCzTQrzlSAc8ZvAXbueM9omKa4W+QVMpLnCxnlGKHBgaA==",
      "license": "ISC",
      "dependencies": {
        "exupery-core-internals": "^0.1.13"
      }
    },
    "node_modules/exupery-core-dev": {
      "version": "0.1.3",
      "resolved": "https://registry.npmjs.org/exupery-core-dev/-/exupery-core-dev-0.1.3.tgz",
      "integrity": "sha512-18u3ZDi8e4ZO7A42xg3DDw9rhXJcJwyhurS02dEWKV+VkZNbKQOKciDFzHKNlxkDpimz3tlOXXTM5YdkOd49dA==",
      "license": "ISC",
      "dependencies": {
        "exupery-core-internals": "^0.1.13"
      }
    },
    "node_modules/exupery-core-internals": {
      "version": "0.1.13",
      "resolved": "https://registry.npmjs.org/exupery-core-internals/-/exupery-core-internals-0.1.13.tgz",
      "integrity": "sha512-iKVBxTnczCB5Ax5YnUHDYbrrjOtpcDUDaxFEVk8W3ZWjYnPWr5+ctkIqrbK+QCuYEvYMwdiuzK/xnWGsGCKe5Q==",
      "license": "ISC",
      "dependencies": {
        "exupery-core-types": "^0.1.6"
      }
    },
    "node_modules/exupery-core-types": {
      "version": "0.1.6",
      "resolved": "https://registry.npmjs.org/exupery-core-types/-/exupery-core-types-0.1.6.tgz",
      "integrity": "sha512-KhulSFIk8Te7EhJH6mW/fyF/liUkB+Cl2tcbPXnxXjUvHLZc15aYM9OFuFpoHGkX2ZsjMOkcDEsQW15Dirdy+w==",
      "license": "Apache-2.0"
    },
    "node_modules/exupery-resources": {
      "version": "0.1.20",
      "resolved": "https://registry.npmjs.org/exupery-resources/-/exupery-resources-0.1.20.tgz",
      "integrity": "sha512-xdE+uM/xid/xcRdJY0Sni/4Cr/g24qYyDEFkH5CRFyVm8neWYGm9pw/HvC9Xx+NQC7p28q3tTqhjFwAoDCYJdA==",
      "dependencies": {
        "exupery-core-alg": "^0.1.12",
        "exupery-core-async": "^0.1.43",
        "exupery-core-dev": "^0.1.3"
      }
    },
    "node_modules/exupery-standard-library": {
      "version": "0.1.17",
      "resolved": "https://registry.npmjs.org/exupery-standard-library/-/exupery-standard-library-0.1.17.tgz",
      "integrity": "sha512-hS2rPHzzizX6NLY1HwqQOfLKYs1IQQvdOM0wOndoD+gAw61LXFy8KjYgHaKAaXx8LpJutfknbh/dRapVdBlr1Q==",
      "dependencies": {
        "exupery-core-alg": "^0.1.12"
      }
    },
    "node_modules/pareto": {
      "version": "0.76.68",
      "resolved": "https://registry.npmjs.org/pareto/-/pareto-0.76.68.tgz",
      "integrity": "sha512-LU2b73L+Iyj2sXKed/EIaCTzV1547iWiQNqSziJ7u3UbYGkR495tq9siQ0N2LePZmTLQ9+2nmIjkNhbK/NcWkw==",
      "dependencies": {
        "astn": "^0.111.29",
        "exupery": "^0.1.30",
        "exupery-core-alg": "^0.1.12",
        "exupery-core-bin": "^0.1.18",
        "exupery-core-data": "^0.1.11",
        "exupery-core-dev": "^0.1.3",
        "pareto-fountain-pen": "^0.1.41",
        "pareto-standard-operations": "^0.1.17"
      }
    },
    "node_modules/pareto-fountain-pen": {
      "version": "0.1.41",
      "resolved": "https://registry.npmjs.org/pareto-fountain-pen/-/pareto-fountain-pen-0.1.41.tgz",
      "integrity": "sha512-g40KtGqOqu4Yr+n3bSUvITV6Y+Zm7S39gx2lqMG38ItiP1zgk0V3ZYnle4K9MYGJ0/SjuY+X43ymTdmGq9J1ZQ==",
      "license": "Apache-2.0",
      "dependencies": {
        "exupery-core-alg": "^0.1.12",
        "exupery-core-bin": "^0.1.18",
        "exupery-core-data": "^0.1.11",
        "exupery-core-dev": "^0.1.3",
        "exupery-resources": "^0.1.20",
        "pareto-standard-operations": "^0.1.17"
      },
      "engines": {
        "node": ">=14.0.0"
      }
    },
    "node_modules/pareto-json": {
      "version": "0.1.15",
      "resolved": "https://registry.npmjs.org/pareto-json/-/pareto-json-0.1.15.tgz",
      "integrity": "sha512-pjazq2c4jcM26g+7t05947Q7hsbrOlfJTN4nZaUOFoga+xB7U4PjQKswYujbBC0FJgx/ELIwfUx1Dw4OCffzMA==",
      "license": "Apache-2.0",
      "dependencies": {
        "exupery-core-alg": "^0.1.12",
        "exupery-core-bin": "^0.1.18",
        "exupery-core-data": "^0.1.11",
        "pareto-fountain-pen": "^0.1.41",
        "pareto-standard-operations": "^0.1.17"
      },
      "engines": {
        "node": ">=14.0.0"
      }
    },
    "node_modules/pareto-standard-operations": {
      "version": "0.1.17",
      "resolved": "https://registry.npmjs.org/pareto-standard-operations/-/pareto-standard-operations-0.1.17.tgz",
      "integrity": "sha512-6gYPjxmx0QVHXLas24u23W0it19/kUTOynYkHMaBao8VK8qf9QjtBMmbgq0B58sxfczqMcRawkRJlIVbr+ywjA==",
      "dependencies": {
        "exupery-core-alg": "^0.1.12",
        "exupery-standard-library": "^0.1.17"
      }
    }
  }
}
