{
  "name": "pareto-vscode-backend",
  "version": "0.3.6",
  "lockfileVersion": 3,
  "requires": true,
  "packages": {
    "": {
      "name": "pareto-vscode-backend",
      "version": "0.3.6",
      "license": "Apache-2.0",
      "dependencies": {
        "pareto": "^0.78.20"
      },
      "engines": {
        "node": ">=14.0.0"
      }
    },
    "node_modules/astn": {
      "version": "0.113.30",
      "resolved": "https://registry.npmjs.org/astn/-/astn-0.113.30.tgz",
      "integrity": "sha512-l5ndwyevoyS1eHwPnLA5es1uE/tHiciho1BVsOFqiNgOPOd1XkMF9mHhhU3+dxDPW8WDncmNLdQRFgFqjavZ0Q==",
      "license": "Apache-2.0",
      "dependencies": {
        "pareto-core-refiner": "^0.1.17",
        "pareto-fountain-pen": "^0.3.32",
        "pareto-host-nodejs": "^0.1.8",
        "pareto-json": "^0.3.10",
        "pareto-resources": "^0.1.13",
        "pareto-standard-operations": "^0.3.40"
      },
      "bin": {
        "astn-validate": "dist/bin/validate_astn.js"
      },
      "engines": {
        "node": ">=14.0.0"
      }
    },
    "node_modules/astn-sealed": {
      "version": "0.1.3",
      "resolved": "https://registry.npmjs.org/astn-sealed/-/astn-sealed-0.1.3.tgz",
      "integrity": "sha512-HVpYyz3Dt8NDg6a+GacqzaturVppk9a+f/ZjXVfbZBEiNDomzDAe462a7/bZ8k6WeY8IsqoPH4KrrnS+/PqFUg==",
      "license": "Apache-2.0",
      "dependencies": {
        "pareto-core-interface": "^0.1.31",
        "pareto-core-refiner": "^0.1.17",
        "pareto-standard-operations": "^0.3.39"
      },
      "engines": {
        "node": ">=14.0.0"
      }
    },
    "node_modules/exupery": {
      "version": "0.3.57",
      "resolved": "https://registry.npmjs.org/exupery/-/exupery-0.3.57.tgz",
      "integrity": "sha512-3VCxvykcWl32KN5xWX9R8Qc6Vc9V43gLCla+JVcPGmmziSmbdnaC8EZJHkXyxCKqbsBRlXvWcG/kvC9ai+aFRQ==",
      "dependencies": {
        "pareto-fountain-pen": "^0.3.32"
      }
    },
    "node_modules/pareto": {
      "version": "0.78.20",
      "resolved": "https://registry.npmjs.org/pareto/-/pareto-0.78.20.tgz",
      "integrity": "sha512-j49e0Zhlxy3kLnhIIJwakyXR2YljSU0nxwpX6+l5YlRB94+RIz5U/51j8O9+3qpxtzkodZ4KKFoH8M5zDfjrXQ==",
      "dependencies": {
        "astn": "^0.113.26",
        "astn-sealed": "^0.1.3",
        "exupery": "^0.3.23",
        "pareto-fountain-pen": "^0.3.32",
        "pareto-standard-operations": "^0.3.40"
      }
    },
    "node_modules/pareto-core-command": {
      "version": "0.2.17",
      "resolved": "https://registry.npmjs.org/pareto-core-command/-/pareto-core-command-0.2.17.tgz",
      "integrity": "sha512-jlPG2TGagT7SWuzRKij7S1Bo/3FJxAJXxqhlzAm97grzm/5hDFVwZSDZXFZoUZHJTkr3matZ/cZwbHukGukkWw==",
      "license": "ISC",
      "dependencies": {
        "pareto-core-internals": "^0.24.25"
      }
    },
    "node_modules/pareto-core-deserializer": {
      "version": "0.2.7",
      "resolved": "https://registry.npmjs.org/pareto-core-deserializer/-/pareto-core-deserializer-0.2.7.tgz",
      "integrity": "sha512-2shkFKL2LxCaq3wLDcZvMRRMOZ9FOOiQytb17IwHAwI1P/zdzCgcCDpZkzbeDP4Cm1DJj/0QLNFTLa9/GqvH7w==",
      "license": "ISC",
      "dependencies": {
        "pareto-core-internals": "^0.24.20"
      }
    },
    "node_modules/pareto-core-dev": {
      "version": "0.11.4",
      "resolved": "https://registry.npmjs.org/pareto-core-dev/-/pareto-core-dev-0.11.4.tgz",
      "integrity": "sha512-MBdQRncHZVCxfT+bUB1ZxRXKBQu3/5O/xBXMa/IJNgqK4SjhrWTyOXriq/p6L2umWIwG/UKCeWIBUImpXZlSFg==",
      "license": "ISC",
      "dependencies": {
        "pareto-core-internals": "^0.24.34"
      }
    },
    "node_modules/pareto-core-interface": {
      "version": "0.1.32",
      "resolved": "https://registry.npmjs.org/pareto-core-interface/-/pareto-core-interface-0.1.32.tgz",
      "integrity": "sha512-OxqXw1clc8jBwroypVfMuJXCuHa8/kLCN3OtU89z0U//iTSrI3Nu4c5tg8bs0A/24V9xNkKLQkqEcztoMpRSbg==",
      "license": "Apache-2.0"
    },
    "node_modules/pareto-core-internals": {
      "version": "0.24.44",
      "resolved": "https://registry.npmjs.org/pareto-core-internals/-/pareto-core-internals-0.24.44.tgz",
      "integrity": "sha512-g5LzsanJn0O7YrVHs92YNZ8vDlEcS3mQ4oAPYRvw+Pxtl+S62szZ+ycgpCGN+C49n0aUogrO+ML9W0Qo75RFlA==",
      "license": "ISC",
      "dependencies": {
        "pareto-core-interface": "^0.1.31"
      }
    },
    "node_modules/pareto-core-query": {
      "version": "0.1.9",
      "resolved": "https://registry.npmjs.org/pareto-core-query/-/pareto-core-query-0.1.9.tgz",
      "integrity": "sha512-8IRsoIvpnZ48e2/AAauIa9fPDbE/BYOOj5RgnnwZ5wLeOjy4y5dorb/f6Q3NMS+MWH6iBWJJS4CBjUF3VpqHiQ==",
      "license": "ISC",
      "dependencies": {
        "pareto-core-internals": "^0.24.25"
      }
    },
    "node_modules/pareto-core-refiner": {
      "version": "0.1.17",
      "resolved": "https://registry.npmjs.org/pareto-core-refiner/-/pareto-core-refiner-0.1.17.tgz",
      "integrity": "sha512-g4HAvse/ufwQhauCUJk2k/r85HwdSlp1G2P14/kVt4kvKIb004mEp6b4k+HpJSs/Tzpa8ZXxF0CzF1R1f2QiqQ==",
      "license": "ISC",
      "dependencies": {
        "pareto-core-internals": "^0.24.24"
      }
    },
    "node_modules/pareto-core-serializer": {
      "version": "0.1.6",
      "resolved": "https://registry.npmjs.org/pareto-core-serializer/-/pareto-core-serializer-0.1.6.tgz",
      "integrity": "sha512-zqvxQLwNa7UA0RJXhcavRbGOWtIApchqmXlEYzS1xfDCbDQY1SOzcAhazdC33iKwE2Riy8Jv58oitDWOwM9brg==",
      "license": "ISC",
      "dependencies": {
        "pareto-core-internals": "^0.24.20"
      }
    },
    "node_modules/pareto-core-shorthands": {
      "version": "0.1.13",
      "resolved": "https://registry.npmjs.org/pareto-core-shorthands/-/pareto-core-shorthands-0.1.13.tgz",
      "integrity": "sha512-6Q7QFcaZDTobAvrf7E7Jl3K3o6bk9UNmy5bIwWXlnnNbfvEyzC6hpZLCmZ6v3710h7DPSqJd5SGoeGM87xeHwA==",
      "license": "ISC",
      "dependencies": {
        "pareto-core-internals": "^0.24.40"
      }
    },
    "node_modules/pareto-core-transformer": {
      "version": "0.1.10",
      "resolved": "https://registry.npmjs.org/pareto-core-transformer/-/pareto-core-transformer-0.1.10.tgz",
      "integrity": "sha512-iqJhdnkqnGrhabggEuYoOeaGG9bggMMWetpkwiiwnFJLsobtY2vNXqm3SM0xGhac3H8J4PkeWJaApvBFIlNd8Q==",
      "license": "ISC",
      "dependencies": {
        "pareto-core-internals": "^0.24.21"
      }
    },
    "node_modules/pareto-fountain-pen": {
      "version": "0.3.32",
      "resolved": "https://registry.npmjs.org/pareto-fountain-pen/-/pareto-fountain-pen-0.3.32.tgz",
      "integrity": "sha512-CxJcW0P2wV4OvRrR/OnoLwUqIfDZ/hiYx8ZPymwUyi8GYIIaIjkqx2eRoWOz1TFxQPwMfkdOYhRH3VM+FyrSOw==",
      "license": "Apache-2.0",
      "dependencies": {
        "pareto-core-dev": "^0.11.4",
        "pareto-core-refiner": "^0.1.17",
        "pareto-core-shorthands": "^0.1.13",
        "pareto-core-transformer": "^0.1.10",
        "pareto-standard-operations": "^0.3.40"
      },
      "engines": {
        "node": ">=14.0.0"
      }
    },
    "node_modules/pareto-host-nodejs": {
      "version": "0.1.8",
      "resolved": "https://registry.npmjs.org/pareto-host-nodejs/-/pareto-host-nodejs-0.1.8.tgz",
      "integrity": "sha512-7fO3lQQpEOPaN+Ps2SpwDESXvha8e32Q7wEs11sl+mgaAgUTQjsk30GbBlDecHA9suiBANabhK+WQObGrTYVOQ==",
      "license": "ISC",
      "dependencies": {
        "pareto-resources": "^0.1.13"
      }
    },
    "node_modules/pareto-json": {
      "version": "0.3.10",
      "resolved": "https://registry.npmjs.org/pareto-json/-/pareto-json-0.3.10.tgz",
      "integrity": "sha512-03xCQd+xroHAfsNmeVYYe1GRHwy/TrV9R9GNT2Ca+Oar9CzY3eorR/tmlj83Cin1MwF5IF3T+33a9roI2/P7pw==",
      "license": "Apache-2.0",
      "dependencies": {
        "pareto-core-shorthands": "^0.1.11",
        "pareto-fountain-pen": "^0.3.30",
        "pareto-standard-operations": "^0.3.39"
      },
      "engines": {
        "node": ">=14.0.0"
      }
    },
    "node_modules/pareto-resources": {
      "version": "0.1.13",
      "resolved": "https://registry.npmjs.org/pareto-resources/-/pareto-resources-0.1.13.tgz",
      "integrity": "sha512-w6COnFitSjGQkeEDDqo5JtWJ0cWicnrIni3f5vr2ebq/s0KeTekqbXeyxXq/P9IDh03LuvwAwecDviuLWDQfJA==",
      "dependencies": {
        "pareto-core-command": "^0.2.17",
        "pareto-core-query": "^0.1.9",
        "pareto-fountain-pen": "^0.3.31"
      }
    },
    "node_modules/pareto-standard-operations": {
      "version": "0.3.40",
      "resolved": "https://registry.npmjs.org/pareto-standard-operations/-/pareto-standard-operations-0.3.40.tgz",
      "integrity": "sha512-Nln8MfyR7i6kvxuLqjOh7Q+q7qgY8GS1OkpdY57lCzZqQAZz2mXWUzYRIFlmWPz8lS2JyJAsrDPdGqBfFG+DtQ==",
      "dependencies": {
        "pareto-core-deserializer": "^0.2.7",
        "pareto-core-dev": "^0.11.4",
        "pareto-core-serializer": "^0.1.6",
        "pareto-core-transformer": "^0.1.10"
      }
    }
  }
}
